// !$*UTF8*$!
{
	archiveVersion = 1;
	classes = {
	};
	objectVersion = 46;
	objects = {

/* Begin PBXBuildFile section */
		A3D409CF1BF04F4100755E94 /* AppDelegate.swift in Sources */ = {isa = PBXBuildFile; fileRef = A3D409CE1BF04F4100755E94 /* AppDelegate.swift */; };
		A3D409D11BF04F4100755E94 /* ViewController.swift in Sources */ = {isa = PBXBuildFile; fileRef = A3D409D01BF04F4100755E94 /* ViewController.swift */; };
		A3D409D41BF04F4100755E94 /* Main.storyboard in Resources */ = {isa = PBXBuildFile; fileRef = A3D409D21BF04F4100755E94 /* Main.storyboard */; };
		A3D409D61BF04F4100755E94 /* Images.xcassets in Resources */ = {isa = PBXBuildFile; fileRef = A3D409D51BF04F4100755E94 /* Images.xcassets */; };
		A3D409D91BF04F4100755E94 /* LaunchScreen.xib in Resources */ = {isa = PBXBuildFile; fileRef = A3D409D71BF04F4100755E94 /* LaunchScreen.xib */; };
		A3D409E51BF04F4100755E94 /* NavigationDemoTests.swift in Sources */ = {isa = PBXBuildFile; fileRef = A3D409E41BF04F4100755E94 /* NavigationDemoTests.swift */; };
		A3D409EF1BF04F9600755E94 /* NewsViewController.swift in Sources */ = {isa = PBXBuildFile; fileRef = A3D409EE1BF04F9600755E94 /* NewsViewController.swift */; };
		A3D409F11BF04FAC00755E94 /* MovieViewController.swift in Sources */ = {isa = PBXBuildFile; fileRef = A3D409F01BF04FAC00755E94 /* MovieViewController.swift */; };
/* End PBXBuildFile section */

/* Begin PBXContainerItemProxy section */
		A3D409DF1BF04F4100755E94 /* PBXContainerItemProxy */ = {
			isa = PBXContainerItemProxy;
			containerPortal = A3D409C11BF04F4100755E94 /* Project object */;
			proxyType = 1;
			remoteGlobalIDString = A3D409C81BF04F4100755E94;
			remoteInfo = NavigationDemo;
		};
/* End PBXContainerItemProxy section */

/* Begin PBXFileReference section */
		A3D409C91BF04F4100755E94 /* NavigationDemo.app */ = {isa = PBXFileReference; explicitFileType = wrapper.application; includeInIndex = 0; path = NavigationDemo.app; sourceTree = BUILT_PRODUCTS_DIR; };
		A3D409CD1BF04F4100755E94 /* Info.plist */ = {isa = PBXFileReference; lastKnownFileType = text.plist.xml; path = Info.plist; sourceTree = "<group>"; };
		A3D409CE1BF04F4100755E94 /* AppDelegate.swift */ = {isa = PBXFileReference; lastKnownFileType = sourcecode.swift; path = AppDelegate.swift; sourceTree = "<group>"; };
		A3D409D01BF04F4100755E94 /* ViewController.swift */ = {isa = PBXFileReference; lastKnownFileType = sourcecode.swift; path = ViewController.swift; sourceTree = "<group>"; };
		A3D409D31BF04F4100755E94 /* Base */ = {isa = PBXFileReference; lastKnownFileType = file.storyboard; name = Base; path = Base.lproj/Main.storyboard; sourceTree = "<group>"; };
		A3D409D51BF04F4100755E94 /* Images.xcassets */ = {isa = PBXFileReference; lastKnownFileType = folder.assetcatalog; path = Images.xcassets; sourceTree = "<group>"; };
		A3D409D81BF04F4100755E94 /* Base */ = {isa = PBXFileReference; lastKnownFileType = file.xib; name = Base; path = Base.lproj/LaunchScreen.xib; sourceTree = "<group>"; };
		A3D409DE1BF04F4100755E94 /* NavigationDemoTests.xctest */ = {isa = PBXFileReference; explicitFileType = wrapper.cfbundle; includeInIndex = 0; path = NavigationDemoTests.xctest; sourceTree = BUILT_PRODUCTS_DIR; };
		A3D409E31BF04F4100755E94 /* Info.plist */ = {isa = PBXFileReference; lastKnownFileType = text.plist.xml; path = Info.plist; sourceTree = "<group>"; };
		A3D409E41BF04F4100755E94 /* NavigationDemoTests.swift */ = {isa = PBXFileReference; lastKnownFileType = sourcecode.swift; path = NavigationDemoTests.swift; sourceTree = "<group>"; };
		A3D409EE1BF04F9600755E94 /* NewsViewController.swift */ = {isa = PBXFileReference; fileEncoding = 4; lastKnownFileType = sourcecode.swift; path = NewsViewController.swift; sourceTree = "<group>"; };
		A3D409F01BF04FAC00755E94 /* MovieViewController.swift */ = {isa = PBXFileReference; fileEncoding = 4; lastKnownFileType = sourcecode.swift; path = MovieViewController.swift; sourceTree = "<group>"; };
/* End PBXFileReference section */

/* Begin PBXFrameworksBuildPhase section */
		A3D409C61BF04F4100755E94 /* Frameworks */ = {
			isa = PBXFrameworksBuildPhase;
			buildActionMask = 2147483647;
			files = (
			);
			runOnlyForDeploymentPostprocessing = 0;
		};
		A3D409DB1BF04F4100755E94 /* Frameworks */ = {
			isa = PBXFrameworksBuildPhase;
			buildActionMask = 2147483647;
			files = (
			);
			runOnlyForDeploymentPostprocessing = 0;
		};
/* End PBXFrameworksBuildPhase section */

/* Begin PBXGroup section */
		A3D409C01BF04F4100755E94 = {
			isa = PBXGroup;
			children = (
				A3D409CB1BF04F4100755E94 /* NavigationDemo */,
				A3D409E11BF04F4100755E94 /* NavigationDemoTests */,
				A3D409CA1BF04F4100755E94 /* Products */,
			);
			sourceTree = "<group>";
		};
		A3D409CA1BF04F4100755E94 /* Products */ = {
			isa = PBXGroup;
			children = (
				A3D409C91BF04F4100755E94 /* NavigationDemo.app */,
				A3D409DE1BF04F4100755E94 /* NavigationDemoTests.xctest */,
			);
			name = Products;
			sourceTree = "<group>";
		};
		A3D409CB1BF04F4100755E94 /* NavigationDemo */ = {
			isa = PBXGroup;
			children = (
				A3D409CE1BF04F4100755E94 /* AppDelegate.swift */,
				A3D409D01BF04F4100755E94 /* ViewController.swift */,
				A3D409EE1BF04F9600755E94 /* NewsViewController.swift */,
				A3D409F01BF04FAC00755E94 /* MovieViewController.swift */,
				A3D409D21BF04F4100755E94 /* Main.storyboard */,
				A3D409D51BF04F4100755E94 /* Images.xcassets */,
				A3D409D71BF04F4100755E94 /* LaunchScreen.xib */,
				A3D409CC1BF04F4100755E94 /* Supporting Files */,
			);
			path = NavigationDemo;
			sourceTree = "<group>";
		};
		A3D409CC1BF04F4100755E94 /* Supporting Files */ = {
			isa = PBXGroup;
			children = (
				A3D409CD1BF04F4100755E94 /* Info.plist */,
			);
			name = "Supporting Files";
			sourceTree = "<group>";
		};
		A3D409E11BF04F4100755E94 /* NavigationDemoTests */ = {
			isa = PBXGroup;
			children = (
				A3D409E41BF04F4100755E94 /* NavigationDemoTests.swift */,
				A3D409E21BF04F4100755E94 /* Supporting Files */,
			);
			path = NavigationDemoTests;
			sourceTree = "<group>";
		};
		A3D409E21BF04F4100755E94 /* Supporting Files */ = {
			isa = PBXGroup;
			children = (
				A3D409E31BF04F4100755E94 /* Info.plist */,
			);
			name = "Supporting Files";
			sourceTree = "<group>";
		};
/* End PBXGroup section */

/* Begin PBXNativeTarget section */
		A3D409C81BF04F4100755E94 /* NavigationDemo */ = {
			isa = PBXNativeTarget;
			buildConfigurationList = A3D409E81BF04F4100755E94 /* Build configuration list for PBXNativeTarget "NavigationDemo" */;
			buildPhases = (
				A3D409C51BF04F4100755E94 /* Sources */,
				A3D409C61BF04F4100755E94 /* Frameworks */,
				A3D409C71BF04F4100755E94 /* Resources */,
			);
			buildRules = (
			);
			dependencies = (
			);
			name = NavigationDemo;
			productName = NavigationDemo;
			productReference = A3D409C91BF04F4100755E94 /* NavigationDemo.app */;
			productType = "com.apple.product-type.application";
		};
		A3D409DD1BF04F4100755E94 /* NavigationDemoTests */ = {
			isa = PBXNativeTarget;
			buildConfigurationList = A3D409EB1BF04F4100755E94 /* Build configuration list for PBXNativeTarget "NavigationDemoTests" */;
			buildPhases = (
				A3D409DA1BF04F4100755E94 /* Sources */,
				A3D409DB1BF04F4100755E94 /* Frameworks */,
				A3D409DC1BF04F4100755E94 /* Resources */,
			);
			buildRules = (
			);
			dependencies = (
				A3D409E01BF04F4100755E94 /* PBXTargetDependency */,
			);
			name = NavigationDemoTests;
			productName = NavigationDemoTests;
			productReference = A3D409DE1BF04F4100755E94 /* NavigationDemoTests.xctest */;
			productType = "com.apple.product-type.bundle.unit-test";
		};
/* End PBXNativeTarget section */

/* Begin PBXProject section */
		A3D409C11BF04F4100755E94 /* Project object */ = {
			isa = PBXProject;
			attributes = {
				LastSwiftMigration = 0720;
				LastSwiftUpdateCheck = 0720;
				LastUpgradeCheck = 0640;
				ORGANIZATIONNAME = hanJianXin;
				TargetAttributes = {
					A3D409C81BF04F4100755E94 = {
						CreatedOnToolsVersion = 6.4;
					};
					A3D409DD1BF04F4100755E94 = {
						CreatedOnToolsVersion = 6.4;
						TestTargetID = A3D409C81BF04F4100755E94;
					};
				};
			};
			buildConfigurationList = A3D409C41BF04F4100755E94 /* Build configuration list for PBXProject "NavigationDemo" */;
			compatibilityVersion = "Xcode 3.2";
			developmentRegion = English;
			hasScannedForEncodings = 0;
			knownRegions = (
				en,
				Base,
			);
			mainGroup = A3D409C01BF04F4100755E94;
			productRefGroup = A3D409CA1BF04F4100755E94 /* Products */;
			projectDirPath = "";
			projectRoot = "";
			targets = (
				A3D409C81BF04F4100755E94 /* NavigationDemo */,
				A3D409DD1BF04F4100755E94 /* NavigationDemoTests */,
			);
		};
/* End PBXProject section */

/* Begin PBXResourcesBuildPhase section */
		A3D409C71BF04F4100755E94 /* Resources */ = {
			isa = PBXResourcesBuildPhase;
			buildActionMask = 2147483647;
			files = (
				A3D409D41BF04F4100755E94 /* Main.storyboard in Resources */,
				A3D409D91BF04F4100755E94 /* LaunchScreen.xib in Resources */,
				A3D409D61BF04F4100755E94 /* Images.xcassets in Resources */,
			);
			runOnlyForDeploymentPostprocessing = 0;
		};
		A3D409DC1BF04F4100755E94 /* Resources */ = {
			isa = PBXResourcesBuildPhase;
			buildActionMask = 2147483647;
			files = (
			);
			runOnlyForDeploymentPostprocessing = 0;
		};
/* End PBXResourcesBuildPhase section */

/* Begin PBXSourcesBuildPhase section */
		A3D409C51BF04F4100755E94 /* Sources */ = {
			isa = PBXSourcesBuildPhase;
			buildActionMask = 2147483647;
			files = (
				A3D409EF1BF04F9600755E94 /* NewsViewController.swift in Sources */,
				A3D409D11BF04F4100755E94 /* ViewController.swift in Sources */,
				A3D409CF1BF04F4100755E94 /* AppDelegate.swift in Sources */,
				A3D409F11BF04FAC00755E94 /* MovieViewController.swift in Sources */,
			);
			runOnlyForDeploymentPostprocessing = 0;
		};
		A3D409DA1BF04F4100755E94 /* Sources */ = {
			isa = PBXSourcesBuildPhase;
			buildActionMask = 2147483647;
			files = (
				A3D409E51BF04F4100755E94 /* NavigationDemoTests.swift in Sources */,
			);
			runOnlyForDeploymentPostprocessing = 0;
		};
/* End PBXSourcesBuildPhase section */

/* Begin PBXTargetDependency section */
		A3D409E01BF04F4100755E94 /* PBXTargetDependency */ = {
			isa = PBXTargetDependency;
			target = A3D409C81BF04F4100755E94 /* NavigationDemo */;
			targetProxy = A3D409DF1BF04F4100755E94 /* PBXContainerItemProxy */;
		};
/* End PBXTargetDependency section */

/* Begin PBXVariantGroup section */
		A3D409D21BF04F4100755E94 /* Main.storyboard */ = {
			isa = PBXVariantGroup;
			children = (
				A3D409D31BF04F4100755E94 /* Base */,
			);
			name = Main.storyboard;
			sourceTree = "<group>";
		};
		A3D409D71BF04F4100755E94 /* LaunchScreen.xib */ = {
			isa = PBXVariantGroup;
			children = (
				A3D409D81BF04F4100755E94 /* Base */,
			);
			name = LaunchScreen.xib;
			sourceTree = "<group>";
		};
/* End PBXVariantGroup section */

/* Begin XCBuildConfiguration section */
		A3D409E61BF04F4100755E94 /* Debug */ = {
			isa = XCBuildConfiguration;
			buildSettings = {
				ALWAYS_SEARCH_USER_PATHS = NO;
				CLANG_CXX_LANGUAGE_STANDARD = "gnu++0x";
				CLANG_CXX_LIBRARY = "libc++";
				CLANG_ENABLE_MODULES = YES;
				CLANG_ENABLE_OBJC_ARC = YES;
				CLANG_WARN_BOOL_CONVERSION = YES;
				CLANG_WARN_CONSTANT_CONVERSION = YES;
				CLANG_WARN_DIRECT_OBJC_ISA_USAGE = YES_ERROR;
				CLANG_WARN_EMPTY_BODY = YES;
				CLANG_WARN_ENUM_CONVERSION = YES;
				CLANG_WARN_INT_CONVERSION = YES;
				CLANG_WARN_OBJC_ROOT_CLASS = YES_ERROR;
				CLANG_WARN_UNREACHABLE_CODE = YES;
				CLANG_WARN__DUPLICATE_METHOD_MATCH = YES;
				"CODE_SIGN_IDENTITY[sdk=iphoneos*]" = "iPhone Developer";
				COPY_PHASE_STRIP = NO;
				DEBUG_INFORMATION_FORMAT = "dwarf-with-dsym";
				ENABLE_STRICT_OBJC_MSGSEND = YES;
				GCC_C_LANGUAGE_STANDARD = gnu99;
				GCC_DYNAMIC_NO_PIC = NO;
				GCC_NO_COMMON_BLOCKS = YES;
				GCC_OPTIMIZATION_LEVEL = 0;
				GCC_PREPROCESSOR_DEFINITIONS = (
					"DEBUG=1",
					"$(inherited)",
				);
				GCC_SYMBOLS_PRIVATE_EXTERN = NO;
				GCC_WARN_64_TO_32_BIT_CONVERSION = YES;
				GCC_WARN_ABOUT_RETURN_TYPE = YES_ERROR;
				GCC_WARN_UNDECLARED_SELECTOR = YES;
				GCC_WARN_UNINITIALIZED_AUTOS = YES_AGGRESSIVE;
				GCC_WARN_UNUSED_FUNCTION = YES;
				GCC_WARN_UNUSED_VARIABLE = YES;
				IPHONEOS_DEPLOYMENT_TARGET = 8.4;
				MTL_ENABLE_DEBUG_INFO = YES;
				ONLY_ACTIVE_ARCH = YES;
				SDKROOT = iphoneos;
				SWIFT_OPTIMIZATION_LEVEL = "-Onone";
			};
			name = Debug;
		};
		A3D409E71BF04F4100755E94 /* Release */ = {
			isa = XCBuildConfiguration;
			buildSettings = {
				ALWAYS_SEARCH_USER_PATHS = NO;
				CLANG_CXX_LANGUAGE_STANDARD = "gnu++0x";
				CLANG_CXX_LIBRARY = "libc++";
				CLANG_ENABLE_MODULES = YES;
				CLANG_ENABLE_OBJC_ARC = YES;
				CLANG_WARN_BOOL_CONVERSION = YES;
				CLANG_WARN_CONSTANT_CONVERSION = YES;
				CLANG_WARN_DIRECT_OBJC_ISA_USAGE = YES_ERROR;
				CLANG_WARN_EMPTY_BODY = YES;
				CLANG_WARN_ENUM_CONVERSION = YES;
				CLANG_WARN_INT_CONVERSION = YES;
				CLANG_WARN_OBJC_ROOT_CLASS = YES_ERROR;
				CLANG_WARN_UNREACHABLE_CODE = YES;
				CLANG_WARN__DUPLICATE_METHOD_MATCH = YES;
				"CODE_SIGN_IDENTITY[sdk=iphoneos*]" = "iPhone Developer";
				COPY_PHASE_STRIP = NO;
				DEBUG_INFORMATION_FORMAT = "dwarf-with-dsym";
				ENABLE_NS_ASSERTIONS = NO;
				ENABLE_STRICT_OBJC_MSGSEND = YES;
				GCC_C_LANGUAGE_STANDARD = gnu99;
				GCC_NO_COMMON_BLOCKS = YES;
				GCC_WARN_64_TO_32_BIT_CONVERSION = YES;
				GCC_WARN_ABOUT_RETURN_TYPE = YES_ERROR;
				GCC_WARN_UNDECLARED_SELECTOR = YES;
				GCC_WARN_UNINITIALIZED_AUTOS = YES_AGGRESSIVE;
				GCC_WARN_UNUSED_FUNCTION = YES;
				GCC_WARN_UNUSED_VARIABLE = YES;
				IPHONEOS_DEPLOYMENT_TARGET = 8.4;
				MTL_ENABLE_DEBUG_INFO = NO;
				SDKROOT = iphoneos;
				VALIDATE_PRODUCT = YES;
			};
			name = Release;
		};
		A3D409E91BF04F4100755E94 /* Debug */ = {
			isa = XCBuildConfiguration;
			buildSettings = {
				ASSETCATALOG_COMPILER_APPICON_NAME = AppIcon;
				INFOPLIST_FILE = NavigationDemo/Info.plist;
				LD_RUNPATH_SEARCH_PATHS = "$(inherited) @executable_path/Frameworks";
				PRODUCT_NAME = "$(TARGET_NAME)";
			};
			name = Debug;
		};
		A3D409EA1BF04F4100755E94 /* Release */ = {
			isa = XCBuildConfiguration;
			buildSettings = {
				ASSETCATALOG_COMPILER_APPICON_NAME = AppIcon;
				INFOPLIST_FILE = NavigationDemo/Info.plist;
				LD_RUNPATH_SEARCH_PATHS = "$(inherited) @executable_path/Frameworks";
				PRODUCT_NAME = "$(TARGET_NAME)";
			};
			name = Release;
		};
		A3D409EC1BF04F4100755E94 /* Debug */ = {
			isa = XCBuildConfiguration;
			buildSettings = {
				BUNDLE_LOADER = "$(TEST_HOST)";
				FRAMEWORK_SEARCH_PATHS = (
					"$(SDKROOT)/Developer/Library/Frameworks",
					"$(inherited)",
				);
				GCC_PREPROCESSOR_DEFINITIONS = (
					"DEBUG=1",
					"$(inherited)",
				);
				INFOPLIST_FILE = NavigationDemoTests/Info.plist;
				LD_RUNPATH_SEARCH_PATHS = "$(inherited) @executable_path/Frameworks @loader_path/Frameworks";
				PRODUCT_NAME = "$(TARGET_NAME)";
				TEST_HOST = "$(BUILT_PRODUCTS_DIR)/NavigationDemo.app/NavigationDemo";
			};
			name = Debug;
		};
		A3D409ED1BF04F4100755E94 /* Release */ = {
			isa = XCBuildConfiguration;
			buildSettings = {
				BUNDLE_LOADER = "$(TEST_HOST)";
				FRAMEWORK_SEARCH_PATHS = (
					"$(SDKROOT)/Developer/Library/Frameworks",
					"$(inherited)",
				);
				INFOPLIST_FILE = NavigationDemoTests/Info.plist;
				LD_RUNPATH_SEARCH_PATHS = "$(inherited) @executable_path/Frameworks @loader_path/Frameworks";
				PRODUCT_NAME = "$(TARGET_NAME)";
				TEST_HOST = "$(BUILT_PRODUCTS_DIR)/NavigationDemo.app/NavigationDemo";
			};
			name = Release;
		};
/* End XCBuildConfiguration section */

/* Begin XCConfigurationList section */
		A3D409C41BF04F4100755E94 /* Build configuration list for PBXProject "NavigationDemo" */ = {
			isa = XCConfigurationList;
			buildConfigurations = (
				A3D409E61BF04F4100755E94 /* Debug */,
				A3D409E71BF04F4100755E94 /* Release */,
			);
			defaultConfigurationIsVisible = 0;
			defaultConfigurationName = Release;
		};
		A3D409E81BF04F4100755E94 /* Build configuration list for PBXNativeTarget "NavigationDemo" */ = {
			isa = XCConfigurationList;
			buildConfigurations = (
				A3D409E91BF04F4100755E94 /* Debug */,
				A3D409EA1BF04F4100755E94 /* Release */,
			);
			defaultConfigurationIsVisible = 0;
			defaultConfigurationName = Release;
		};
		A3D409EB1BF04F4100755E94 /* Build configuration list for PBXNativeTarget "NavigationDemoTests" */ = {
			isa = XCConfigurationList;
			buildConfigurations = (
				A3D409EC1BF04F4100755E94 /* Debug */,
				A3D409ED1BF04F4100755E94 /* Release */,
			);
			defaultConfigurationIsVisible = 0;
			defaultConfigurationName = Release;
		};
/* End XCConfigurationList section */
	};
	rootObject = A3D409C11BF04F4100755E94 /* Project object */;
}
